
Microsoft Visual Studio Solution File, Format Version 12.00
# Visual Studio 15
VisualStudioVersion = 15.0.28307.102
MinimumVisualStudioVersion = 10.0.40219.1
Project("{FAE04EC0-301F-11D3-BF4B-00C04F79EFBC}") = "ROA", "ROA\ROA.csproj", "{928883D4-AF8E-40D3-844A-6D14616BE7D6}"
EndProject
Project("{888888A0-9F3D-457C-B088-3A5042F75D52}") = "ARP", "ARP\ARP.pyproj", "{D6C09D7D-2805-4DA3-A0F3-165B0319C76A}"
EndProject
Global
	GlobalSection(SolutionConfigurationPlatforms) = preSolution
		Debug|Any CPU = Debug|Any CPU
		Release|Any CPU = Release|Any CPU
	EndGlobalSection
	GlobalSection(ProjectConfigurationPlatforms) = postSolution
		{928883D4-AF8E-40D3-844A-6D14616BE7D6}.Debug|Any CPU.ActiveCfg = Debug|Any CPU
		{928883D4-AF8E-40D3-844A-6D14616BE7D6}.Debug|Any CPU.Build.0 = Debug|Any CPU
		{928883D4-AF8E-40D3-844A-6D14616BE7D6}.Release|Any CPU.ActiveCfg = Release|Any CPU
		{928883D4-AF8E-40D3-844A-6D14616BE7D6}.Release|Any CPU.Build.0 = Release|Any CPU
		{D6C09D7D-2805-4DA3-A0F3-165B0319C76A}.Debug|Any CPU.ActiveCfg = Debug|Any CPU
		{D6C09D7D-2805-4DA3-A0F3-165B0319C76A}.Release|Any CPU.ActiveCfg = Release|Any CPU
	EndGlobalSection
	GlobalSection(SolutionProperties) = preSolution
		HideSolutionNode = FALSE
	EndGlobalSection
	GlobalSection(ExtensibilityGlobals) = postSolution
		SolutionGuid = {711431C3-D655-4E1A-BD4A-820F8AA69572}
	EndGlobalSection
EndGlobal
